{
  "name": "students-room-inventory",
  "lockfileVersion": 3,
  "requires": true,
  "packages": {
    "": {
      "dependencies": {
        "@preline/theme-switch": "^2.4.1"
      }
    },
    "node_modules/@preline/theme-switch": {
      "version": "2.4.1",
      "resolved": "https://registry.npmjs.org/@preline/theme-switch/-/theme-switch-2.4.1.tgz",
      "integrity": "sha512-MLdJFiVKFRUUUYnpqyQbxNNhAwmG9kdJY6yst2WTWASU6HXKNKMJDTDJyN2V3A1AU6Koyd6OMHt7DlmEqz1zxQ=="
    }
  }
}
